
Microsoft Visual Studio Solution File, Format Version 12.00
# Visual Studio Version 18
VisualStudioVersion = 18.9.12120.119
MinimumVisualStudioVersion = 10.0.40219.1
Project("{FAE04EC0-301F-11D3-BF4B-00C04F79EFBC}") = "AlloCineDAL", "AlloCineDAL\AlloCineDAL.csproj", "{45A5D0E9-2886-401C-B65A-D6C0B4DD2A6E}"
EndProject
Project("{FAE04EC0-301F-11D3-BF4B-00C04F79EFBC}") = "AlloCineInterfaces", "AlloCineInterfaces\AlloCineInterfaces.csproj", "{5CA1843F-CCE2-42A7-9228-CDB9AD57DF55}"
EndProject
Project("{FAE04EC0-301F-11D3-BF4B-00C04F79EFBC}") = "CodeTests", "CodeTests\CodeTests.csproj", "{FCA81A86-EF4C-4B3D-9E8D-BD7621CC5A28}"
EndProject
Project("{FAE04EC0-301F-11D3-BF4B-00C04F79EFBC}") = "MesTests", "MesTests\MesTests.csproj", "{3B313A1F-1476-4888-B0BF-35A89A7BDF26}"
EndProject
Project("{FAE04EC0-301F-11D3-BF4B-00C04F79EFBC}") = "AlloCineServiceBDD", "AlloCineServiceBDD\AlloCineServiceBDD.csproj", "{7447FFFA-6319-4D54-8C28-D49204A1C077}"
EndProject
Project("{FAE04EC0-301F-11D3-BF4B-00C04F79EFBC}") = "AlloCineWebApi", "AlloCineWebApi\AlloCineWebApi.csproj", "{6176E3FF-43E5-A432-39B4-1193BECC1B61}"
EndProject
Project("{FAE04EC0-301F-11D3-BF4B-00C04F79EFBC}") = "AlloCineServiceApi", "AlloCineServiceApi\AlloCineServiceApi.csproj", "{5CDCF3A0-6C84-4684-ADC6-C46D1839826C}"
EndProject
Project("{FAE04EC0-301F-11D3-BF4B-00C04F79EFBC}") = "AlloCineUI", "AlloCineUI\AlloCineUI.csproj", "{6C3D1CF6-C9A9-492B-A3AA-34B35EFF6A62}"
EndProject
Global
	GlobalSection(SolutionConfigurationPlatforms) = preSolution
		Debug|Any CPU = Debug|Any CPU
		Release|Any CPU = Release|Any CPU
	EndGlobalSection
	GlobalSection(ProjectConfigurationPlatforms) = postSolution
		{45A5D0E9-2886-401C-B65A-D6C0B4DD2A6E}.Debug|Any CPU.ActiveCfg = Debug|Any CPU
		{45A5D0E9-2886-401C-B65A-D6C0B4DD2A6E}.Debug|Any CPU.Build.0 = Debug|Any CPU
		{45A5D0E9-2886-401C-B65A-D6C0B4DD2A6E}.Release|Any CPU.ActiveCfg = Release|Any CPU
		{45A5D0E9-2886-401C-B65A-D6C0B4DD2A6E}.Release|Any CPU.Build.0 = Release|Any CPU
		{5CA1843F-CCE2-42A7-9228-CDB9AD57DF55}.Debug|Any CPU.ActiveCfg = Debug|Any CPU
		{5CA1843F-CCE2-42A7-9228-CDB9AD57DF55}.Debug|Any CPU.Build.0 = Debug|Any CPU
		{5CA1843F-CCE2-42A7-9228-CDB9AD57DF55}.Release|Any CPU.ActiveCfg = Release|Any CPU
		{5CA1843F-CCE2-42A7-9228-CDB9AD57DF55}.Release|Any CPU.Build.0 = Release|Any CPU
		{FCA81A86-EF4C-4B3D-9E8D-BD7621CC5A28}.Debug|Any CPU.ActiveCfg = Debug|Any CPU
		{FCA81A86-EF4C-4B3D-9E8D-BD7621CC5A28}.Debug|Any CPU.Build.0 = Debug|Any CPU
		{FCA81A86-EF4C-4B3D-9E8D-BD7621CC5A28}.Release|Any CPU.ActiveCfg = Release|Any CPU
		{FCA81A86-EF4C-4B3D-9E8D-BD7621CC5A28}.Release|Any CPU.Build.0 = Release|Any CPU
		{3B313A1F-1476-4888-B0BF-35A89A7BDF26}.Debug|Any CPU.ActiveCfg = Debug|Any CPU
		{3B313A1F-1476-4888-B0BF-35A89A7BDF26}.Debug|Any CPU.Build.0 = Debug|Any CPU
		{3B313A1F-1476-4888-B0BF-35A89A7BDF26}.Release|Any CPU.ActiveCfg = Release|Any CPU
		{3B313A1F-1476-4888-B0BF-35A89A7BDF26}.Release|Any CPU.Build.0 = Release|Any CPU
		{7447FFFA-6319-4D54-8C28-D49204A1C077}.Debug|Any CPU.ActiveCfg = Debug|Any CPU
		{7447FFFA-6319-4D54-8C28-D49204A1C077}.Debug|Any CPU.Build.0 = Debug|Any CPU
		{7447FFFA-6319-4D54-8C28-D49204A1C077}.Release|Any CPU.ActiveCfg = Release|Any CPU
		{7447FFFA-6319-4D54-8C28-D49204A1C077}.Release|Any CPU.Build.0 = Release|Any CPU
		{6176E3FF-43E5-A432-39B4-1193BECC1B61}.Debug|Any CPU.ActiveCfg = Debug|Any CPU
		{6176E3FF-43E5-A432-39B4-1193BECC1B61}.Debug|Any CPU.Build.0 = Debug|Any CPU
		{6176E3FF-43E5-A432-39B4-1193BECC1B61}.Release|Any CPU.ActiveCfg = Release|Any CPU
		{6176E3FF-43E5-A432-39B4-1193BECC1B61}.Release|Any CPU.Build.0 = Release|Any CPU
		{5CDCF3A0-6C84-4684-ADC6-C46D1839826C}.Debug|Any CPU.ActiveCfg = Debug|Any CPU
		{5CDCF3A0-6C84-4684-ADC6-C46D1839826C}.Debug|Any CPU.Build.0 = Debug|Any CPU
		{5CDCF3A0-6C84-4684-ADC6-C46D1839826C}.Release|Any CPU.ActiveCfg = Release|Any CPU
		{5CDCF3A0-6C84-4684-ADC6-C46D1839826C}.Release|Any CPU.Build.0 = Release|Any CPU
		{6C3D1CF6-C9A9-492B-A3AA-34B35EFF6A62}.Debug|Any CPU.ActiveCfg = Debug|Any CPU
		{6C3D1CF6-C9A9-492B-A3AA-34B35EFF6A62}.Debug|Any CPU.Build.0 = Debug|Any CPU
		{6C3D1CF6-C9A9-492B-A3AA-34B35EFF6A62}.Release|Any CPU.ActiveCfg = Release|Any CPU
		{6C3D1CF6-C9A9-492B-A3AA-34B35EFF6A62}.Release|Any CPU.Build.0 = Release|Any CPU
	EndGlobalSection
	GlobalSection(SolutionProperties) = preSolution
		HideSolutionNode = FALSE
	EndGlobalSection
	GlobalSection(ExtensibilityGlobals) = postSolution
		SolutionGuid = {A2E01A17-939B-437E-8B51-7B4C2A67F865}
	EndGlobalSection
EndGlobal
