<Solution>
  <Project Path="CantineInterfaces.Tests/CantineInterfaces.Tests.csproj" Id="b3f21966-61fe-4374-8762-9c56a363f608" />
  <Project Path="CantineInterfaces/CantineInterfaces.csproj" />
  <Project Path="CantineServiceFromBDD/CantineServiceFromBDD.csproj" Id="3cb6389e-db0e-49e1-895d-01245a0a72c1" />
  <Project Path="CodeTests/CodeTests.csproj" Id="5a5680ca-47c2-44cc-a97f-e4421de7b985" />
</Solution>
